
Microsoft Visual Studio Solution File, Format Version 12.00
# Visual Studio 15
VisualStudioVersion = 15.0.28307.1500
MinimumVisualStudioVersion = 10.0.40219.1
Project("{8BC9CEB8-8B4A-11D0-8D11-00A0C91BC942}") = "LIPScan3D_SDK_v1.3_Sample", "LIPScan3D_SDK_v1.3_Sample.vcxproj", "{080DE280-5153-4032-BC22-6C27DE393259}"
EndProject
Global
	GlobalSection(SolutionConfigurationPlatforms) = preSolution
		Debug|x64 = Debug|x64
		Debug|x86 = Debug|x86
		Release|x64 = Release|x64
		Release|x86 = Release|x86
	EndGlobalSection
	GlobalSection(ProjectConfigurationPlatforms) = postSolution
		{080DE280-5153-4032-BC22-6C27DE393259}.Debug|x64.ActiveCfg = Debug|x64
		{080DE280-5153-4032-BC22-6C27DE393259}.Debug|x64.Build.0 = Debug|x64
		{080DE280-5153-4032-BC22-6C27DE393259}.Debug|x86.ActiveCfg = Debug|Win32
		{080DE280-5153-4032-BC22-6C27DE393259}.Debug|x86.Build.0 = Debug|Win32
		{080DE280-5153-4032-BC22-6C27DE393259}.Release|x64.ActiveCfg = Release|x64
		{080DE280-5153-4032-BC22-6C27DE393259}.Release|x64.Build.0 = Release|x64
		{080DE280-5153-4032-BC22-6C27DE393259}.Release|x86.ActiveCfg = Release|Win32
		{080DE280-5153-4032-BC22-6C27DE393259}.Release|x86.Build.0 = Release|Win32
	EndGlobalSection
	GlobalSection(SolutionProperties) = preSolution
		HideSolutionNode = FALSE
	EndGlobalSection
	GlobalSection(ExtensibilityGlobals) = postSolution
		SolutionGuid = {C21BDA86-D041-410D-8340-8030818EA1A6}
	EndGlobalSection
EndGlobal
